<?xml version="1.0" encoding="utf-8"?>
<Project ToolsVersion="4.0" xmlns="http://schemas.microsoft.com/developer/msbuild/2003">
  <ItemGroup>
    <Filter Include="Source Files">
      <UniqueIdentifier>{4FC737F1-C7A5-4376-A066-2A32D752A2FF}</UniqueIdentifier>
      <Extensions>cpp;c;cc;cxx;c++;cppm;ixx;def;odl;idl;hpj;bat;asm;asmx</Extensions>
    </Filter>
    <Filter Include="Header Files">
      <UniqueIdentifier>{93995380-89BD-4b04-88EB-625FBE52EBFB}</UniqueIdentifier>
      <Extensions>h;hh;hpp;hxx;h++;hm;inl;inc;ipp;xsd</Extensions>
    </Filter>
    <Filter Include="Resource Files">
      <UniqueIdentifier>{67DA6AB6-F800-4c08-8B7A-83BB121AAD01}</UniqueIdentifier>
      <Extensions>rc;ico;cur;bmp;dlg;rc2;rct;bin;rgs;gif;jpg;jpeg;jpe;resx;tiff;tif;png;wav;mfcribbon-ms</Extensions>
    </Filter>
    <Filter Include="Source Files\OCIF">
      <UniqueIdentifier>{2bcb65ef-2322-46d5-ad23-cb233607c269}</UniqueIdentifier>
    </Filter>
    <Filter Include="Header Files\OCIF">
      <UniqueIdentifier>{7095c2a2-69ae-44a0-8d72-2527042a5f1a}</UniqueIdentifier>
    </Filter>
  </ItemGroup>
  <ItemGroup>
    <None Include="Resources\Fonts\font.hex" />
    <None Include="Resources\Shaders\BackgroundGrid.frag" />
  </ItemGroup>
  <ItemGroup>
    <ClCompile Include="Source\Main.cpp">
      <Filter>Source Files</Filter>
    </ClCompile>
    <ClCompile Include="Source\OCIF\Braille.cpp">
      <Filter>Source Files\OCIF</Filter>
    </ClCompile>
    <ClCompile Include="Source\OCIF\Color.cpp">
      <Filter>Source Files\OCIF</Filter>
    </ClCompile>
    <ClCompile Include="Source\OCIF\HexFont.cpp">
      <Filter>Source Files\OCIF</Filter>
    </ClCompile>
    <ClCompile Include="Source\OCIF\Image.cpp">
      <Filter>Source Files\OCIF</Filter>
    </ClCompile>
    <ClCompile Include="Source\OCIF\IO.cpp">
      <Filter>Source Files\OCIF</Filter>
    </ClCompile>
    <ClCompile Include="Source\Tools\BrushTool.cpp">
      <Filter>Source Files</Filter>
    </ClCompile>
    <ClCompile Include="Source\Test.cpp">
      <Filter>Source Files</Filter>
    </ClCompile>
    <ClCompile Include="Source\Tools\BrailleTool.cpp">
      <Filter>Source Files</Filter>
    </ClCompile>
    <ClCompile Include="Source\Tools\Tool.cpp">
      <Filter>Source Files</Filter>
    </ClCompile>
    <ClCompile Include="Source\Tools\EraserTool.cpp">
      <Filter>Source Files</Filter>
    </ClCompile>
    <ClCompile Include="Source\Tools\TextTool.cpp">
      <Filter>Source Files</Filter>
    </ClCompile>
    <ClCompile Include="Source\Tools\DrawingTool.cpp">
      <Filter>Source Files</Filter>
    </ClCompile>
  </ItemGroup>
  <ItemGroup>
    <ClInclude Include="Include\OCIF\Braille.hpp">
      <Filter>Header Files\OCIF</Filter>
    </ClInclude>
    <ClInclude Include="Include\OCIF\Color.hpp">
      <Filter>Header Files\OCIF</Filter>
    </ClInclude>
    <ClInclude Include="Include\OCIF\HexFont.hpp">
      <Filter>Header Files\OCIF</Filter>
    </ClInclude>
    <ClInclude Include="Include\OCIF\Image.hpp">
      <Filter>Header Files\OCIF</Filter>
    </ClInclude>
    <ClInclude Include="Include\OCIF\IO.hpp">
      <Filter>Header Files\OCIF</Filter>
    </ClInclude>
    <ClInclude Include="Include\Tools\BrushTool.hpp">
      <Filter>Header Files</Filter>
    </ClInclude>
    <ClInclude Include="Include\Tools\Tool.hpp">
      <Filter>Header Files</Filter>
    </ClInclude>
    <ClInclude Include="Include\Main.hpp">
      <Filter>Header Files</Filter>
    </ClInclude>
    <ClInclude Include="Include\Tools\BrailleTool.hpp">
      <Filter>Header Files</Filter>
    </ClInclude>
    <ClInclude Include="Include\Tools\EraserTool.hpp">
      <Filter>Header Files</Filter>
    </ClInclude>
    <ClInclude Include="Include\MaterialDesignIcons.hpp">
      <Filter>Header Files</Filter>
    </ClInclude>
    <ClInclude Include="Include\Tools\TextTool.hpp">
      <Filter>Header Files</Filter>
    </ClInclude>
    <ClInclude Include="Include\Tools\DrawingTool.hpp">
      <Filter>Header Files</Filter>
    </ClInclude>
  </ItemGroup>
  <ItemGroup>
    <Font Include="Resources\Fonts\CascadiaCode.ttf" />
    <Font Include="Resources\fa-solid-900.ttf" />
  </ItemGroup>
</Project>